// !$*UTF8*$!
{
	archiveVersion = 1;
	classes = {
	};
	objectVersion = 55;
	objects = {

/* Begin PBXBuildFile section */
		46A15F82C2A51345AB35D0A7 /* Pods_RestaurantsExplorer.framework in Frameworks */ = {isa = PBXBuildFile; fileRef = 26222C16B2CD2C3ACE5AD94E /* Pods_RestaurantsExplorer.framework */; };
		7B457B3B2795F89B00A77CC6 /* AppDelegate.swift in Sources */ = {isa = PBXBuildFile; fileRef = 7B457B3A2795F89B00A77CC6 /* AppDelegate.swift */; };
		7B457B3D2795F89B00A77CC6 /* SceneDelegate.swift in Sources */ = {isa = PBXBuildFile; fileRef = 7B457B3C2795F89B00A77CC6 /* SceneDelegate.swift */; };
		7B457B3F2795F89B00A77CC6 /* RestaurantsViewController.swift in Sources */ = {isa = PBXBuildFile; fileRef = 7B457B3E2795F89B00A77CC6 /* RestaurantsViewController.swift */; };
		7B457B442795F89D00A77CC6 /* Assets.xcassets in Resources */ = {isa = PBXBuildFile; fileRef = 7B457B432795F89D00A77CC6 /* Assets.xcassets */; };
		7B457B472795F89D00A77CC6 /* LaunchScreen.storyboard in Resources */ = {isa = PBXBuildFile; fileRef = 7B457B452795F89D00A77CC6 /* LaunchScreen.storyboard */; };
		7B457B582795FEFD00A77CC6 /* AnswerManager.swift in Sources */ = {isa = PBXBuildFile; fileRef = 7B457B572795FEFD00A77CC6 /* AnswerManager.swift */; };
		7B457B5A2796045400A77CC6 /* AnswerSearchModel.swift in Sources */ = {isa = PBXBuildFile; fileRef = 7B457B592796045400A77CC6 /* AnswerSearchModel.swift */; };
		7B457B5C279610DD00A77CC6 /* RestaurantsViewModel.swift in Sources */ = {isa = PBXBuildFile; fileRef = 7B457B5B279610DD00A77CC6 /* RestaurantsViewModel.swift */; };
		7B457B5F2796315C00A77CC6 /* TableViewCell.swift in Sources */ = {isa = PBXBuildFile; fileRef = 7B457B5D2796315C00A77CC6 /* TableViewCell.swift */; };
		7B457B602796315C00A77CC6 /* TableViewCell.xib in Resources */ = {isa = PBXBuildFile; fileRef = 7B457B5E2796315C00A77CC6 /* TableViewCell.xib */; };
		7B4906DD2796D40A0039CA13 /* ViewModelDelegate.swift in Sources */ = {isa = PBXBuildFile; fileRef = 7B4906DC2796D40A0039CA13 /* ViewModelDelegate.swift */; };
		7B4906DF2796D9E50039CA13 /* Category.swift in Sources */ = {isa = PBXBuildFile; fileRef = 7B4906DE2796D9E50039CA13 /* Category.swift */; };
		7B4906E12796F45A0039CA13 /* swiftgen.yml in Resources */ = {isa = PBXBuildFile; fileRef = 7B4906E02796F45A0039CA13 /* swiftgen.yml */; };
		7B4906E72796F9350039CA13 /* Assets.swift in Sources */ = {isa = PBXBuildFile; fileRef = 7B4906E52796F9350039CA13 /* Assets.swift */; };
		7B4906E82796F9350039CA13 /* Strings.swift in Sources */ = {isa = PBXBuildFile; fileRef = 7B4906E62796F9350039CA13 /* Strings.swift */; };
		7B4906EA2796F96A0039CA13 /* Localizable.strings in Resources */ = {isa = PBXBuildFile; fileRef = 7B4906E92796F96A0039CA13 /* Localizable.strings */; };
		7B4906ED279710E80039CA13 /* DetailViewController.swift in Sources */ = {isa = PBXBuildFile; fileRef = 7B4906EC279710E80039CA13 /* DetailViewController.swift */; };
		7B4906EF279730B10039CA13 /* RestaurantDetailModel.swift in Sources */ = {isa = PBXBuildFile; fileRef = 7B4906EE279730B10039CA13 /* RestaurantDetailModel.swift */; };
		7B4906F1279735210039CA13 /* DetailViewModel.swift in Sources */ = {isa = PBXBuildFile; fileRef = 7B4906F0279735210039CA13 /* DetailViewModel.swift */; };
/* End PBXBuildFile section */

/* Begin PBXFileReference section */
		26222C16B2CD2C3ACE5AD94E /* Pods_RestaurantsExplorer.framework */ = {isa = PBXFileReference; explicitFileType = wrapper.framework; includeInIndex = 0; path = Pods_RestaurantsExplorer.framework; sourceTree = BUILT_PRODUCTS_DIR; };
		7B457B372795F89B00A77CC6 /* RestaurantsExplorer.app */ = {isa = PBXFileReference; explicitFileType = wrapper.application; includeInIndex = 0; path = RestaurantsExplorer.app; sourceTree = BUILT_PRODUCTS_DIR; };
		7B457B3A2795F89B00A77CC6 /* AppDelegate.swift */ = {isa = PBXFileReference; lastKnownFileType = sourcecode.swift; path = AppDelegate.swift; sourceTree = "<group>"; };
		7B457B3C2795F89B00A77CC6 /* SceneDelegate.swift */ = {isa = PBXFileReference; lastKnownFileType = sourcecode.swift; path = SceneDelegate.swift; sourceTree = "<group>"; };
		7B457B3E2795F89B00A77CC6 /* RestaurantsViewController.swift */ = {isa = PBXFileReference; lastKnownFileType = sourcecode.swift; path = RestaurantsViewController.swift; sourceTree = "<group>"; };
		7B457B432795F89D00A77CC6 /* Assets.xcassets */ = {isa = PBXFileReference; lastKnownFileType = folder.assetcatalog; path = Assets.xcassets; sourceTree = "<group>"; };
		7B457B462795F89D00A77CC6 /* Base */ = {isa = PBXFileReference; lastKnownFileType = file.storyboard; name = Base; path = Base.lproj/LaunchScreen.storyboard; sourceTree = "<group>"; };
		7B457B482795F89D00A77CC6 /* Info.plist */ = {isa = PBXFileReference; lastKnownFileType = text.plist.xml; path = Info.plist; sourceTree = "<group>"; };
		7B457B572795FEFD00A77CC6 /* AnswerManager.swift */ = {isa = PBXFileReference; lastKnownFileType = sourcecode.swift; path = AnswerManager.swift; sourceTree = "<group>"; };
		7B457B592796045400A77CC6 /* AnswerSearchModel.swift */ = {isa = PBXFileReference; lastKnownFileType = sourcecode.swift; path = AnswerSearchModel.swift; sourceTree = "<group>"; };
		7B457B5B279610DD00A77CC6 /* RestaurantsViewModel.swift */ = {isa = PBXFileReference; lastKnownFileType = sourcecode.swift; path = RestaurantsViewModel.swift; sourceTree = "<group>"; };
		7B457B5D2796315C00A77CC6 /* TableViewCell.swift */ = {isa = PBXFileReference; lastKnownFileType = sourcecode.swift; path = TableViewCell.swift; sourceTree = "<group>"; };
		7B457B5E2796315C00A77CC6 /* TableViewCell.xib */ = {isa = PBXFileReference; lastKnownFileType = file.xib; path = TableViewCell.xib; sourceTree = "<group>"; };
		7B4906DC2796D40A0039CA13 /* ViewModelDelegate.swift */ = {isa = PBXFileReference; lastKnownFileType = sourcecode.swift; path = ViewModelDelegate.swift; sourceTree = "<group>"; };
		7B4906DE2796D9E50039CA13 /* Category.swift */ = {isa = PBXFileReference; lastKnownFileType = sourcecode.swift; path = Category.swift; sourceTree = "<group>"; };
		7B4906E02796F45A0039CA13 /* swiftgen.yml */ = {isa = PBXFileReference; fileEncoding = 4; lastKnownFileType = text.yaml; path = swiftgen.yml; sourceTree = SOURCE_ROOT; };
		7B4906E52796F9350039CA13 /* Assets.swift */ = {isa = PBXFileReference; fileEncoding = 4; lastKnownFileType = sourcecode.swift; path = Assets.swift; sourceTree = "<group>"; };
		7B4906E62796F9350039CA13 /* Strings.swift */ = {isa = PBXFileReference; fileEncoding = 4; lastKnownFileType = sourcecode.swift; path = Strings.swift; sourceTree = "<group>"; };
		7B4906E92796F96A0039CA13 /* Localizable.strings */ = {isa = PBXFileReference; lastKnownFileType = text.plist.strings; path = Localizable.strings; sourceTree = "<group>"; };
		7B4906EC279710E80039CA13 /* DetailViewController.swift */ = {isa = PBXFileReference; lastKnownFileType = sourcecode.swift; path = DetailViewController.swift; sourceTree = "<group>"; };
		7B4906EE279730B10039CA13 /* RestaurantDetailModel.swift */ = {isa = PBXFileReference; lastKnownFileType = sourcecode.swift; path = RestaurantDetailModel.swift; sourceTree = "<group>"; };
		7B4906F0279735210039CA13 /* DetailViewModel.swift */ = {isa = PBXFileReference; lastKnownFileType = sourcecode.swift; path = DetailViewModel.swift; sourceTree = "<group>"; };
		805DCBE4407BDCADAA7F81CE /* Pods-RestaurantsExplorer.release.xcconfig */ = {isa = PBXFileReference; includeInIndex = 1; lastKnownFileType = text.xcconfig; name = "Pods-RestaurantsExplorer.release.xcconfig"; path = "Target Support Files/Pods-RestaurantsExplorer/Pods-RestaurantsExplorer.release.xcconfig"; sourceTree = "<group>"; };
		F541D261E9A79812FED99E14 /* Pods-RestaurantsExplorer.debug.xcconfig */ = {isa = PBXFileReference; includeInIndex = 1; lastKnownFileType = text.xcconfig; name = "Pods-RestaurantsExplorer.debug.xcconfig"; path = "Target Support Files/Pods-RestaurantsExplorer/Pods-RestaurantsExplorer.debug.xcconfig"; sourceTree = "<group>"; };
/* End PBXFileReference section */

/* Begin PBXFrameworksBuildPhase section */
		7B457B342795F89B00A77CC6 /* Frameworks */ = {
			isa = PBXFrameworksBuildPhase;
			buildActionMask = 2147483647;
			files = (
				46A15F82C2A51345AB35D0A7 /* Pods_RestaurantsExplorer.framework in Frameworks */,
			);
			runOnlyForDeploymentPostprocessing = 0;
		};
/* End PBXFrameworksBuildPhase section */

/* Begin PBXGroup section */
		4C94F11400DBDC4359C5096A /* Pods */ = {
			isa = PBXGroup;
			children = (
				F541D261E9A79812FED99E14 /* Pods-RestaurantsExplorer.debug.xcconfig */,
				805DCBE4407BDCADAA7F81CE /* Pods-RestaurantsExplorer.release.xcconfig */,
			);
			path = Pods;
			sourceTree = "<group>";
		};
		6E3397F3837213809501A43C /* Frameworks */ = {
			isa = PBXGroup;
			children = (
				26222C16B2CD2C3ACE5AD94E /* Pods_RestaurantsExplorer.framework */,
			);
			name = Frameworks;
			sourceTree = "<group>";
		};
		7B457B2E2795F89B00A77CC6 = {
			isa = PBXGroup;
			children = (
				7B4906E02796F45A0039CA13 /* swiftgen.yml */,
				7B457B392795F89B00A77CC6 /* RestaurantsExplorer */,
				7B457B382795F89B00A77CC6 /* Products */,
				4C94F11400DBDC4359C5096A /* Pods */,
				6E3397F3837213809501A43C /* Frameworks */,
			);
			sourceTree = "<group>";
		};
		7B457B382795F89B00A77CC6 /* Products */ = {
			isa = PBXGroup;
			children = (
				7B457B372795F89B00A77CC6 /* RestaurantsExplorer.app */,
			);
			name = Products;
			sourceTree = "<group>";
		};
		7B457B392795F89B00A77CC6 /* RestaurantsExplorer */ = {
			isa = PBXGroup;
			children = (
				7B457B4E2795FA0500A77CC6 /* Search */,
				7B457B4F2795FA1500A77CC6 /* Detail */,
				7B457B562795FEEC00A77CC6 /* Manager */,
				7B4906E32796F52D0039CA13 /* Resource */,
				7B457B3A2795F89B00A77CC6 /* AppDelegate.swift */,
				7B457B3C2795F89B00A77CC6 /* SceneDelegate.swift */,
				7B457B452795F89D00A77CC6 /* LaunchScreen.storyboard */,
				7B457B482795F89D00A77CC6 /* Info.plist */,
				7B4906DC2796D40A0039CA13 /* ViewModelDelegate.swift */,
			);
			path = RestaurantsExplorer;
			sourceTree = "<group>";
		};
		7B457B4E2795FA0500A77CC6 /* Search */ = {
			isa = PBXGroup;
			children = (
				7B457B522795FA2900A77CC6 /* View */,
				7B457B512795FA2100A77CC6 /* ViewModel */,
				7B457B502795FA1C00A77CC6 /* Model */,
			);
			path = Search;
			sourceTree = "<group>";
		};
		7B457B4F2795FA1500A77CC6 /* Detail */ = {
			isa = PBXGroup;
			children = (
				7B457B552795FA3F00A77CC6 /* View */,
				7B457B542795FA3900A77CC6 /* ViewModel */,
				7B457B532795FA3400A77CC6 /* Model */,
			);
			path = Detail;
			sourceTree = "<group>";
		};
		7B457B502795FA1C00A77CC6 /* Model */ = {
			isa = PBXGroup;
			children = (
				7B457B592796045400A77CC6 /* AnswerSearchModel.swift */,
				7B4906DE2796D9E50039CA13 /* Category.swift */,
			);
			path = Model;
			sourceTree = "<group>";
		};
		7B457B512795FA2100A77CC6 /* ViewModel */ = {
			isa = PBXGroup;
			children = (
				7B457B5B279610DD00A77CC6 /* RestaurantsViewModel.swift */,
			);
			path = ViewModel;
			sourceTree = "<group>";
		};
		7B457B522795FA2900A77CC6 /* View */ = {
			isa = PBXGroup;
			children = (
				7B457B3E2795F89B00A77CC6 /* RestaurantsViewController.swift */,
				7B457B5D2796315C00A77CC6 /* TableViewCell.swift */,
				7B457B5E2796315C00A77CC6 /* TableViewCell.xib */,
			);
			path = View;
			sourceTree = "<group>";
		};
		7B457B532795FA3400A77CC6 /* Model */ = {
			isa = PBXGroup;
			children = (
				7B4906EE279730B10039CA13 /* RestaurantDetailModel.swift */,
			);
			path = Model;
			sourceTree = "<group>";
		};
		7B457B542795FA3900A77CC6 /* ViewModel */ = {
			isa = PBXGroup;
			children = (
				7B4906F0279735210039CA13 /* DetailViewModel.swift */,
			);
			path = ViewModel;
			sourceTree = "<group>";
		};
		7B457B552795FA3F00A77CC6 /* View */ = {
			isa = PBXGroup;
			children = (
				7B4906EC279710E80039CA13 /* DetailViewController.swift */,
			);
			path = View;
			sourceTree = "<group>";
		};
		7B457B562795FEEC00A77CC6 /* Manager */ = {
			isa = PBXGroup;
			children = (
				7B457B572795FEFD00A77CC6 /* AnswerManager.swift */,
			);
			path = Manager;
			sourceTree = "<group>";
		};
		7B4906E32796F52D0039CA13 /* Resource */ = {
			isa = PBXGroup;
			children = (
				7B4906E42796F8B50039CA13 /* Swiftgen */,
				7B457B432795F89D00A77CC6 /* Assets.xcassets */,
				7B4906E92796F96A0039CA13 /* Localizable.strings */,
			);
			path = Resource;
			sourceTree = "<group>";
		};
		7B4906E42796F8B50039CA13 /* Swiftgen */ = {
			isa = PBXGroup;
			children = (
				7B4906E52796F9350039CA13 /* Assets.swift */,
				7B4906E62796F9350039CA13 /* Strings.swift */,
			);
			path = Swiftgen;
			sourceTree = "<group>";
		};
/* End PBXGroup section */

/* Begin PBXNativeTarget section */
		7B457B362795F89B00A77CC6 /* RestaurantsExplorer */ = {
			isa = PBXNativeTarget;
			buildConfigurationList = 7B457B4B2795F89D00A77CC6 /* Build configuration list for PBXNativeTarget "RestaurantsExplorer" */;
			buildPhases = (
				67F635B23B17D3801A44DF4E /* [CP] Check Pods Manifest.lock */,
				7B4906E22796F4BD0039CA13 /* SwiftGen */,
				7B457B332795F89B00A77CC6 /* Sources */,
				7B457B342795F89B00A77CC6 /* Frameworks */,
				7B457B352795F89B00A77CC6 /* Resources */,
				A629DAF1C78B93AE2615CBD7 /* [CP] Embed Pods Frameworks */,
			);
			buildRules = (
			);
			dependencies = (
			);
			name = RestaurantsExplorer;
			productName = RestaurantsExplorer;
			productReference = 7B457B372795F89B00A77CC6 /* RestaurantsExplorer.app */;
			productType = "com.apple.product-type.application";
		};
/* End PBXNativeTarget section */

/* Begin PBXProject section */
		7B457B2F2795F89B00A77CC6 /* Project object */ = {
			isa = PBXProject;
			attributes = {
				BuildIndependentTargetsInParallel = 1;
				LastSwiftUpdateCheck = 1310;
				LastUpgradeCheck = 1310;
				TargetAttributes = {
					7B457B362795F89B00A77CC6 = {
						CreatedOnToolsVersion = 13.1;
					};
				};
			};
			buildConfigurationList = 7B457B322795F89B00A77CC6 /* Build configuration list for PBXProject "RestaurantsExplorer" */;
			compatibilityVersion = "Xcode 13.0";
			developmentRegion = en;
			hasScannedForEncodings = 0;
			knownRegions = (
				en,
				Base,
			);
			mainGroup = 7B457B2E2795F89B00A77CC6;
			productRefGroup = 7B457B382795F89B00A77CC6 /* Products */;
			projectDirPath = "";
			projectRoot = "";
			targets = (
				7B457B362795F89B00A77CC6 /* RestaurantsExplorer */,
			);
		};
/* End PBXProject section */

/* Begin PBXResourcesBuildPhase section */
		7B457B352795F89B00A77CC6 /* Resources */ = {
			isa = PBXResourcesBuildPhase;
			buildActionMask = 2147483647;
			files = (
				7B4906EA2796F96A0039CA13 /* Localizable.strings in Resources */,
				7B457B472795F89D00A77CC6 /* LaunchScreen.storyboard in Resources */,
				7B457B602796315C00A77CC6 /* TableViewCell.xib in Resources */,
				7B457B442795F89D00A77CC6 /* Assets.xcassets in Resources */,
				7B4906E12796F45A0039CA13 /* swiftgen.yml in Resources */,
			);
			runOnlyForDeploymentPostprocessing = 0;
		};
/* End PBXResourcesBuildPhase section */

/* Begin PBXShellScriptBuildPhase section */
		67F635B23B17D3801A44DF4E /* [CP] Check Pods Manifest.lock */ = {
			isa = PBXShellScriptBuildPhase;
			buildActionMask = 2147483647;
			files = (
			);
			inputFileListPaths = (
			);
			inputPaths = (
				"${PODS_PODFILE_DIR_PATH}/Podfile.lock",
				"${PODS_ROOT}/Manifest.lock",
			);
			name = "[CP] Check Pods Manifest.lock";
			outputFileListPaths = (
			);
			outputPaths = (
				"$(DERIVED_FILE_DIR)/Pods-RestaurantsExplorer-checkManifestLockResult.txt",
			);
			runOnlyForDeploymentPostprocessing = 0;
			shellPath = /bin/sh;
			shellScript = "diff \"${PODS_PODFILE_DIR_PATH}/Podfile.lock\" \"${PODS_ROOT}/Manifest.lock\" > /dev/null\nif [ $? != 0 ] ; then\n    # print error to STDERR\n    echo \"error: The sandbox is not in sync with the Podfile.lock. Run 'pod install' or update your CocoaPods installation.\" >&2\n    exit 1\nfi\n# This output is used by Xcode 'outputs' to avoid re-running this script phase.\necho \"SUCCESS\" > \"${SCRIPT_OUTPUT_FILE_0}\"\n";
			showEnvVarsInLog = 0;
		};
		7B4906E22796F4BD0039CA13 /* SwiftGen */ = {
			isa = PBXShellScriptBuildPhase;
			buildActionMask = 2147483647;
			files = (
			);
			inputFileListPaths = (
			);
			inputPaths = (
			);
			name = SwiftGen;
			outputFileListPaths = (
			);
			outputPaths = (
			);
			runOnlyForDeploymentPostprocessing = 0;
			shellPath = /bin/sh;
			shellScript = "if [[ -f \"${PODS_ROOT}/SwiftGen/bin/swiftgen\" ]]; then\n  \"${PODS_ROOT}/SwiftGen/bin/swiftgen\"\nelse\n  echo \"warning: SwiftGen is not installed. Run 'pod install --repo-update' to install it.\"\nfi \n";
		};
		A629DAF1C78B93AE2615CBD7 /* [CP] Embed Pods Frameworks */ = {
			isa = PBXShellScriptBuildPhase;
			buildActionMask = 2147483647;
			files = (
			);
			inputFileListPaths = (
				"${PODS_ROOT}/Target Support Files/Pods-RestaurantsExplorer/Pods-RestaurantsExplorer-frameworks-${CONFIGURATION}-input-files.xcfilelist",
			);
			name = "[CP] Embed Pods Frameworks";
			outputFileListPaths = (
				"${PODS_ROOT}/Target Support Files/Pods-RestaurantsExplorer/Pods-RestaurantsExplorer-frameworks-${CONFIGURATION}-output-files.xcfilelist",
			);
			runOnlyForDeploymentPostprocessing = 0;
			shellPath = /bin/sh;
			shellScript = "\"${PODS_ROOT}/Target Support Files/Pods-RestaurantsExplorer/Pods-RestaurantsExplorer-frameworks.sh\"\n";
			showEnvVarsInLog = 0;
		};
/* End PBXShellScriptBuildPhase section */

/* Begin PBXSourcesBuildPhase section */
		7B457B332795F89B00A77CC6 /* Sources */ = {
			isa = PBXSourcesBuildPhase;
			buildActionMask = 2147483647;
			files = (
				7B457B3F2795F89B00A77CC6 /* RestaurantsViewController.swift in Sources */,
				7B4906E82796F9350039CA13 /* Strings.swift in Sources */,
				7B4906DD2796D40A0039CA13 /* ViewModelDelegate.swift in Sources */,
				7B4906ED279710E80039CA13 /* DetailViewController.swift in Sources */,
				7B457B5C279610DD00A77CC6 /* RestaurantsViewModel.swift in Sources */,
				7B457B582795FEFD00A77CC6 /* AnswerManager.swift in Sources */,
				7B457B3B2795F89B00A77CC6 /* AppDelegate.swift in Sources */,
				7B4906DF2796D9E50039CA13 /* Category.swift in Sources */,
				7B4906EF279730B10039CA13 /* RestaurantDetailModel.swift in Sources */,
				7B4906F1279735210039CA13 /* DetailViewModel.swift in Sources */,
				7B457B3D2795F89B00A77CC6 /* SceneDelegate.swift in Sources */,
				7B457B5F2796315C00A77CC6 /* TableViewCell.swift in Sources */,
				7B4906E72796F9350039CA13 /* Assets.swift in Sources */,
				7B457B5A2796045400A77CC6 /* AnswerSearchModel.swift in Sources */,
			);
			runOnlyForDeploymentPostprocessing = 0;
		};
/* End PBXSourcesBuildPhase section */

/* Begin PBXVariantGroup section */
		7B457B452795F89D00A77CC6 /* LaunchScreen.storyboard */ = {
			isa = PBXVariantGroup;
			children = (
				7B457B462795F89D00A77CC6 /* Base */,
			);
			name = LaunchScreen.storyboard;
			sourceTree = "<group>";
		};
/* End PBXVariantGroup section */

/* Begin XCBuildConfiguration section */
		7B457B492795F89D00A77CC6 /* Debug */ = {
			isa = XCBuildConfiguration;
			buildSettings = {
				ALWAYS_SEARCH_USER_PATHS = NO;
				CLANG_ANALYZER_NONNULL = YES;
				CLANG_ANALYZER_NUMBER_OBJECT_CONVERSION = YES_AGGRESSIVE;
				CLANG_CXX_LANGUAGE_STANDARD = "gnu++17";
				CLANG_CXX_LIBRARY = "libc++";
				CLANG_ENABLE_MODULES = YES;
				CLANG_ENABLE_OBJC_ARC = YES;
				CLANG_ENABLE_OBJC_WEAK = YES;
				CLANG_WARN_BLOCK_CAPTURE_AUTORELEASING = YES;
				CLANG_WARN_BOOL_CONVERSION = YES;
				CLANG_WARN_COMMA = YES;
				CLANG_WARN_CONSTANT_CONVERSION = YES;
				CLANG_WARN_DEPRECATED_OBJC_IMPLEMENTATIONS = YES;
				CLANG_WARN_DIRECT_OBJC_ISA_USAGE = YES_ERROR;
				CLANG_WARN_DOCUMENTATION_COMMENTS = YES;
				CLANG_WARN_EMPTY_BODY = YES;
				CLANG_WARN_ENUM_CONVERSION = YES;
				CLANG_WARN_INFINITE_RECURSION = YES;
				CLANG_WARN_INT_CONVERSION = YES;
				CLANG_WARN_NON_LITERAL_NULL_CONVERSION = YES;
				CLANG_WARN_OBJC_IMPLICIT_RETAIN_SELF = YES;
				CLANG_WARN_OBJC_LITERAL_CONVERSION = YES;
				CLANG_WARN_OBJC_ROOT_CLASS = YES_ERROR;
				CLANG_WARN_QUOTED_INCLUDE_IN_FRAMEWORK_HEADER = YES;
				CLANG_WARN_RANGE_LOOP_ANALYSIS = YES;
				CLANG_WARN_STRICT_PROTOTYPES = YES;
				CLANG_WARN_SUSPICIOUS_MOVE = YES;
				CLANG_WARN_UNGUARDED_AVAILABILITY = YES_AGGRESSIVE;
				CLANG_WARN_UNREACHABLE_CODE = YES;
				CLANG_WARN__DUPLICATE_METHOD_MATCH = YES;
				COPY_PHASE_STRIP = NO;
				DEBUG_INFORMATION_FORMAT = dwarf;
				ENABLE_STRICT_OBJC_MSGSEND = YES;
				ENABLE_TESTABILITY = YES;
				GCC_C_LANGUAGE_STANDARD = gnu11;
				GCC_DYNAMIC_NO_PIC = NO;
				GCC_NO_COMMON_BLOCKS = YES;
				GCC_OPTIMIZATION_LEVEL = 0;
				GCC_PREPROCESSOR_DEFINITIONS = (
					"DEBUG=1",
					"$(inherited)",
				);
				GCC_WARN_64_TO_32_BIT_CONVERSION = YES;
				GCC_WARN_ABOUT_RETURN_TYPE = YES_ERROR;
				GCC_WARN_UNDECLARED_SELECTOR = YES;
				GCC_WARN_UNINITIALIZED_AUTOS = YES_AGGRESSIVE;
				GCC_WARN_UNUSED_FUNCTION = YES;
				GCC_WARN_UNUSED_VARIABLE = YES;
				IPHONEOS_DEPLOYMENT_TARGET = 15.0;
				MTL_ENABLE_DEBUG_INFO = INCLUDE_SOURCE;
				MTL_FAST_MATH = YES;
				ONLY_ACTIVE_ARCH = YES;
				SDKROOT = iphoneos;
				SWIFT_ACTIVE_COMPILATION_CONDITIONS = DEBUG;
				SWIFT_OPTIMIZATION_LEVEL = "-Onone";
			};
			name = Debug;
		};
		7B457B4A2795F89D00A77CC6 /* Release */ = {
			isa = XCBuildConfiguration;
			buildSettings = {
				ALWAYS_SEARCH_USER_PATHS = NO;
				CLANG_ANALYZER_NONNULL = YES;
				CLANG_ANALYZER_NUMBER_OBJECT_CONVERSION = YES_AGGRESSIVE;
				CLANG_CXX_LANGUAGE_STANDARD = "gnu++17";
				CLANG_CXX_LIBRARY = "libc++";
				CLANG_ENABLE_MODULES = YES;
				CLANG_ENABLE_OBJC_ARC = YES;
				CLANG_ENABLE_OBJC_WEAK = YES;
				CLANG_WARN_BLOCK_CAPTURE_AUTORELEASING = YES;
				CLANG_WARN_BOOL_CONVERSION = YES;
				CLANG_WARN_COMMA = YES;
				CLANG_WARN_CONSTANT_CONVERSION = YES;
				CLANG_WARN_DEPRECATED_OBJC_IMPLEMENTATIONS = YES;
				CLANG_WARN_DIRECT_OBJC_ISA_USAGE = YES_ERROR;
				CLANG_WARN_DOCUMENTATION_COMMENTS = YES;
				CLANG_WARN_EMPTY_BODY = YES;
				CLANG_WARN_ENUM_CONVERSION = YES;
				CLANG_WARN_INFINITE_RECURSION = YES;
				CLANG_WARN_INT_CONVERSION = YES;
				CLANG_WARN_NON_LITERAL_NULL_CONVERSION = YES;
				CLANG_WARN_OBJC_IMPLICIT_RETAIN_SELF = YES;
				CLANG_WARN_OBJC_LITERAL_CONVERSION = YES;
				CLANG_WARN_OBJC_ROOT_CLASS = YES_ERROR;
				CLANG_WARN_QUOTED_INCLUDE_IN_FRAMEWORK_HEADER = YES;
				CLANG_WARN_RANGE_LOOP_ANALYSIS = YES;
				CLANG_WARN_STRICT_PROTOTYPES = YES;
				CLANG_WARN_SUSPICIOUS_MOVE = YES;
				CLANG_WARN_UNGUARDED_AVAILABILITY = YES_AGGRESSIVE;
				CLANG_WARN_UNREACHABLE_CODE = YES;
				CLANG_WARN__DUPLICATE_METHOD_MATCH = YES;
				COPY_PHASE_STRIP = NO;
				DEBUG_INFORMATION_FORMAT = "dwarf-with-dsym";
				ENABLE_NS_ASSERTIONS = NO;
				ENABLE_STRICT_OBJC_MSGSEND = YES;
				GCC_C_LANGUAGE_STANDARD = gnu11;
				GCC_NO_COMMON_BLOCKS = YES;
				GCC_WARN_64_TO_32_BIT_CONVERSION = YES;
				GCC_WARN_ABOUT_RETURN_TYPE = YES_ERROR;
				GCC_WARN_UNDECLARED_SELECTOR = YES;
				GCC_WARN_UNINITIALIZED_AUTOS = YES_AGGRESSIVE;
				GCC_WARN_UNUSED_FUNCTION = YES;
				GCC_WARN_UNUSED_VARIABLE = YES;
				IPHONEOS_DEPLOYMENT_TARGET = 15.0;
				MTL_ENABLE_DEBUG_INFO = NO;
				MTL_FAST_MATH = YES;
				SDKROOT = iphoneos;
				SWIFT_COMPILATION_MODE = wholemodule;
				SWIFT_OPTIMIZATION_LEVEL = "-O";
				VALIDATE_PRODUCT = YES;
			};
			name = Release;
		};
		7B457B4C2795F89D00A77CC6 /* Debug */ = {
			isa = XCBuildConfiguration;
			baseConfigurationReference = F541D261E9A79812FED99E14 /* Pods-RestaurantsExplorer.debug.xcconfig */;
			buildSettings = {
				ASSETCATALOG_COMPILER_APPICON_NAME = AppIcon;
				ASSETCATALOG_COMPILER_GLOBAL_ACCENT_COLOR_NAME = AccentColor;
				CODE_SIGN_STYLE = Automatic;
				CURRENT_PROJECT_VERSION = 1;
				DEVELOPMENT_TEAM = HT476QBRPD;
				GENERATE_INFOPLIST_FILE = YES;
				INFOPLIST_FILE = RestaurantsExplorer/Info.plist;
				INFOPLIST_KEY_UIApplicationSupportsIndirectInputEvents = YES;
				INFOPLIST_KEY_UILaunchStoryboardName = LaunchScreen;
				INFOPLIST_KEY_UISupportedInterfaceOrientations_iPad = "UIInterfaceOrientationPortrait UIInterfaceOrientationPortraitUpsideDown UIInterfaceOrientationLandscapeLeft UIInterfaceOrientationLandscapeRight";
				INFOPLIST_KEY_UISupportedInterfaceOrientations_iPhone = "UIInterfaceOrientationPortrait UIInterfaceOrientationLandscapeLeft UIInterfaceOrientationLandscapeRight";
				LD_RUNPATH_SEARCH_PATHS = (
					"$(inherited)",
					"@executable_path/Frameworks",
				);
				MARKETING_VERSION = 1.0;
				PRODUCT_BUNDLE_IDENTIFIER = com.andrii.RestaurantsExplorer;
				PRODUCT_NAME = "$(TARGET_NAME)";
				SWIFT_EMIT_LOC_STRINGS = YES;
				SWIFT_VERSION = 5.0;
				TARGETED_DEVICE_FAMILY = "1,2";
			};
			name = Debug;
		};
		7B457B4D2795F89D00A77CC6 /* Release */ = {
			isa = XCBuildConfiguration;
			baseConfigurationReference = 805DCBE4407BDCADAA7F81CE /* Pods-RestaurantsExplorer.release.xcconfig */;
			buildSettings = {
				ASSETCATALOG_COMPILER_APPICON_NAME = AppIcon;
				ASSETCATALOG_COMPILER_GLOBAL_ACCENT_COLOR_NAME = AccentColor;
				CODE_SIGN_STYLE = Automatic;
				CURRENT_PROJECT_VERSION = 1;
				DEVELOPMENT_TEAM = HT476QBRPD;
				GENERATE_INFOPLIST_FILE = YES;
				INFOPLIST_FILE = RestaurantsExplorer/Info.plist;
				INFOPLIST_KEY_UIApplicationSupportsIndirectInputEvents = YES;
				INFOPLIST_KEY_UILaunchStoryboardName = LaunchScreen;
				INFOPLIST_KEY_UISupportedInterfaceOrientations_iPad = "UIInterfaceOrientationPortrait UIInterfaceOrientationPortraitUpsideDown UIInterfaceOrientationLandscapeLeft UIInterfaceOrientationLandscapeRight";
				INFOPLIST_KEY_UISupportedInterfaceOrientations_iPhone = "UIInterfaceOrientationPortrait UIInterfaceOrientationLandscapeLeft UIInterfaceOrientationLandscapeRight";
				LD_RUNPATH_SEARCH_PATHS = (
					"$(inherited)",
					"@executable_path/Frameworks",
				);
				MARKETING_VERSION = 1.0;
				PRODUCT_BUNDLE_IDENTIFIER = com.andrii.RestaurantsExplorer;
				PRODUCT_NAME = "$(TARGET_NAME)";
				SWIFT_EMIT_LOC_STRINGS = YES;
				SWIFT_VERSION = 5.0;
				TARGETED_DEVICE_FAMILY = "1,2";
			};
			name = Release;
		};
/* End XCBuildConfiguration section */

/* Begin XCConfigurationList section */
		7B457B322795F89B00A77CC6 /* Build configuration list for PBXProject "RestaurantsExplorer" */ = {
			isa = XCConfigurationList;
			buildConfigurations = (
				7B457B492795F89D00A77CC6 /* Debug */,
				7B457B4A2795F89D00A77CC6 /* Release */,
			);
			defaultConfigurationIsVisible = 0;
			defaultConfigurationName = Release;
		};
		7B457B4B2795F89D00A77CC6 /* Build configuration list for PBXNativeTarget "RestaurantsExplorer" */ = {
			isa = XCConfigurationList;
			buildConfigurations = (
				7B457B4C2795F89D00A77CC6 /* Debug */,
				7B457B4D2795F89D00A77CC6 /* Release */,
			);
			defaultConfigurationIsVisible = 0;
			defaultConfigurationName = Release;
		};
/* End XCConfigurationList section */
	};
	rootObject = 7B457B2F2795F89B00A77CC6 /* Project object */;
}
